
Microsoft Visual Studio Solution File, Format Version 12.00
# Visual Studio 15
VisualStudioVersion = 15.0.33026.149
MinimumVisualStudioVersion = 10.0.40219.1
Project("{E24C65DC-7377-472B-9ABA-BC803B73C61A}") = "teste-s4e", "teste-s4e\", "{F4DA4609-35D9-4EDA-B08B-C273F58A0B33}"
	ProjectSection(WebsiteProperties) = preProject
		TargetFrameworkMoniker = ".NETFramework,Version%3Dv3.5"
		Debug.AspNetCompiler.VirtualPath = "/localhost_55228"
		Debug.AspNetCompiler.PhysicalPath = "teste-s4e\"
		Debug.AspNetCompiler.TargetPath = "PrecompiledWeb\localhost_55228\"
		Debug.AspNetCompiler.Updateable = "true"
		Debug.AspNetCompiler.ForceOverwrite = "true"
		Debug.AspNetCompiler.FixedNames = "false"
		Debug.AspNetCompiler.Debug = "True"
		Release.AspNetCompiler.VirtualPath = "/localhost_55228"
		Release.AspNetCompiler.PhysicalPath = "teste-s4e\"
		Release.AspNetCompiler.TargetPath = "PrecompiledWeb\localhost_55228\"
		Release.AspNetCompiler.Updateable = "true"
		Release.AspNetCompiler.ForceOverwrite = "true"
		Release.AspNetCompiler.FixedNames = "false"
		Release.AspNetCompiler.Debug = "False"
		VWDPort = "55228"
		SlnRelativePath = "teste-s4e\"
		DefaultWebSiteLanguage = "Visual Basic"
	EndProjectSection
EndProject
Global
	GlobalSection(SolutionConfigurationPlatforms) = preSolution
		Debug|Any CPU = Debug|Any CPU
	EndGlobalSection
	GlobalSection(ProjectConfigurationPlatforms) = postSolution
		{F4DA4609-35D9-4EDA-B08B-C273F58A0B33}.Debug|Any CPU.ActiveCfg = Debug|Any CPU
		{F4DA4609-35D9-4EDA-B08B-C273F58A0B33}.Debug|Any CPU.Build.0 = Debug|Any CPU
	EndGlobalSection
	GlobalSection(SolutionProperties) = preSolution
		HideSolutionNode = FALSE
	EndGlobalSection
	GlobalSection(ExtensibilityGlobals) = postSolution
		SolutionGuid = {CE9CB459-5C31-4376-BEB0-D7122A8ED0BD}
	EndGlobalSection
EndGlobal
